{
  "name": "Skelly",
  "version": "1.0.0",
  "dependencies": {
    "basicscroll": {
      "version": "2.1.1",
      "from": "basicscroll@>=2.1.0 <3.0.0",
      "resolved": "https://registry.npmjs.org/basicscroll/-/basicscroll-2.1.1.tgz"
    },
    "eases": {
      "version": "1.0.8",
      "from": "eases@>=1.0.8 <2.0.0",
      "resolved": "https://registry.npmjs.org/eases/-/eases-1.0.8.tgz"
    },
    "jquery": {
      "version": "3.4.1",
      "from": "jquery@>=3.4.0 <4.0.0",
      "resolved": "https://registry.npmjs.org/jquery/-/jquery-3.4.1.tgz"
    },
    "lodash.clonedeep": {
      "version": "4.5.0",
      "from": "lodash.clonedeep@>=4.5.0 <5.0.0",
      "resolved": "https://registry.npmjs.org/lodash.clonedeep/-/lodash.clonedeep-4.5.0.tgz"
    },
    "parse-unit": {
      "version": "1.0.1",
      "from": "parse-unit@>=1.0.1 <2.0.0",
      "resolved": "https://registry.npmjs.org/parse-unit/-/parse-unit-1.0.1.tgz"
    }
  }
}
