{
  "name": "Skelly",
  "version": "1.0.0",
  "lockfileVersion": 1,
  "requires": true,
  "dependencies": {
    "basicscroll": {
      "version": "3.0.3",
      "resolved": "https://registry.npmjs.org/basicscroll/-/basicscroll-3.0.3.tgz",
      "integrity": "sha512-+EzMSDZC0/vbK9B4ajywA5PthwOSqBu1z8r1txReXhS0lxgieRQxVr4OR33kL/xkirvN39b9QCS2ACFDFpS/Ug==",
      "requires": {
        "eases": "^1.0.8",
        "parse-unit": "^1.0.1"
      }
    },
    "eases": {
      "version": "1.0.8",
      "resolved": "https://registry.npmjs.org/eases/-/eases-1.0.8.tgz",
      "integrity": "sha1-8fUGmmtu0upRD5xhEDmNY+/pruY="
    },
    "jquery": {
      "version": "3.5.0",
      "resolved": "https://registry.npmjs.org/jquery/-/jquery-3.5.0.tgz",
      "integrity": "sha512-Xb7SVYMvygPxbFMpTFQiHh1J7HClEaThguL15N/Gg37Lri/qKyhRGZYzHRyLH8Stq3Aow0LsHO2O2ci86fCrNQ=="
    },
    "parse-unit": {
      "version": "1.0.1",
      "resolved": "https://registry.npmjs.org/parse-unit/-/parse-unit-1.0.1.tgz",
      "integrity": "sha1-fhu21b7zh0wo45JSaiVBFwKR7s8="
    }
  }
}
